
Microsoft Visual Studio Solution File, Format Version 12.00
# Visual Studio Version 17
VisualStudioVersion = 17.10.34928.147
MinimumVisualStudioVersion = 10.0.40219.1
Project("{FAE04EC0-301F-11D3-BF4B-00C04F79EFBC}") = "ExercicioLista", "ExercicioLista\ExercicioLista.csproj", "{52DF8E4B-EF9E-4CE6-B75B-1E900746AAE2}"
EndProject
Global
	GlobalSection(SolutionConfigurationPlatforms) = preSolution
		Debug|Any CPU = Debug|Any CPU
		Release|Any CPU = Release|Any CPU
	EndGlobalSection
	GlobalSection(ProjectConfigurationPlatforms) = postSolution
		{52DF8E4B-EF9E-4CE6-B75B-1E900746AAE2}.Debug|Any CPU.ActiveCfg = Debug|Any CPU
		{52DF8E4B-EF9E-4CE6-B75B-1E900746AAE2}.Debug|Any CPU.Build.0 = Debug|Any CPU
		{52DF8E4B-EF9E-4CE6-B75B-1E900746AAE2}.Release|Any CPU.ActiveCfg = Release|Any CPU
		{52DF8E4B-EF9E-4CE6-B75B-1E900746AAE2}.Release|Any CPU.Build.0 = Release|Any CPU
	EndGlobalSection
	GlobalSection(SolutionProperties) = preSolution
		HideSolutionNode = FALSE
	EndGlobalSection
	GlobalSection(ExtensibilityGlobals) = postSolution
		SolutionGuid = {C620803A-CE89-400D-9DFC-CB2E4CD4026E}
	EndGlobalSection
EndGlobal
